
Microsoft Visual Studio Solution File, Format Version 12.00
# Visual Studio Version 17
VisualStudioVersion = 17.2.32630.192
MinimumVisualStudioVersion = 10.0.40219.1
Project("{FAE04EC0-301F-11D3-BF4B-00C04F79EFBC}") = "VendasLanches", "VendasLanches\VendasLanches.csproj", "{DE2C254E-6867-48F2-B72A-CDDC0D6D134D}"
EndProject
Global
	GlobalSection(SolutionConfigurationPlatforms) = preSolution
		Debug|Any CPU = Debug|Any CPU
		Release|Any CPU = Release|Any CPU
	EndGlobalSection
	GlobalSection(ProjectConfigurationPlatforms) = postSolution
		{DE2C254E-6867-48F2-B72A-CDDC0D6D134D}.Debug|Any CPU.ActiveCfg = Debug|Any CPU
		{DE2C254E-6867-48F2-B72A-CDDC0D6D134D}.Debug|Any CPU.Build.0 = Debug|Any CPU
		{DE2C254E-6867-48F2-B72A-CDDC0D6D134D}.Release|Any CPU.ActiveCfg = Release|Any CPU
		{DE2C254E-6867-48F2-B72A-CDDC0D6D134D}.Release|Any CPU.Build.0 = Release|Any CPU
	EndGlobalSection
	GlobalSection(SolutionProperties) = preSolution
		HideSolutionNode = FALSE
	EndGlobalSection
	GlobalSection(ExtensibilityGlobals) = postSolution
		SolutionGuid = {07BEEA64-3B80-4C5B-933A-1D9F08BBB2AF}
	EndGlobalSection
EndGlobal
